
Microsoft Visual Studio Solution File, Format Version 12.00
# Visual Studio Version 16
VisualStudioVersion = 16.0.30611.23
MinimumVisualStudioVersion = 10.0.40219.1
Project("{FAE04EC0-301F-11D3-BF4B-00C04F79EFBC}") = "Generics", "Dictionary\Generics.csproj", "{6BCED369-0901-448C-BE6B-48F3670C290F}"
EndProject
Project("{FAE04EC0-301F-11D3-BF4B-00C04F79EFBC}") = "MyDictionary", "MyDictionary\MyDictionary.csproj", "{1D80C5B4-4A0B-4686-90F9-96F1DEA64619}"
EndProject
Global
	GlobalSection(SolutionConfigurationPlatforms) = preSolution
		Debug|Any CPU = Debug|Any CPU
		Release|Any CPU = Release|Any CPU
	EndGlobalSection
	GlobalSection(ProjectConfigurationPlatforms) = postSolution
		{6BCED369-0901-448C-BE6B-48F3670C290F}.Debug|Any CPU.ActiveCfg = Debug|Any CPU
		{6BCED369-0901-448C-BE6B-48F3670C290F}.Debug|Any CPU.Build.0 = Debug|Any CPU
		{6BCED369-0901-448C-BE6B-48F3670C290F}.Release|Any CPU.ActiveCfg = Release|Any CPU
		{6BCED369-0901-448C-BE6B-48F3670C290F}.Release|Any CPU.Build.0 = Release|Any CPU
		{1D80C5B4-4A0B-4686-90F9-96F1DEA64619}.Debug|Any CPU.ActiveCfg = Debug|Any CPU
		{1D80C5B4-4A0B-4686-90F9-96F1DEA64619}.Debug|Any CPU.Build.0 = Debug|Any CPU
		{1D80C5B4-4A0B-4686-90F9-96F1DEA64619}.Release|Any CPU.ActiveCfg = Release|Any CPU
		{1D80C5B4-4A0B-4686-90F9-96F1DEA64619}.Release|Any CPU.Build.0 = Release|Any CPU
	EndGlobalSection
	GlobalSection(SolutionProperties) = preSolution
		HideSolutionNode = FALSE
	EndGlobalSection
	GlobalSection(ExtensibilityGlobals) = postSolution
		SolutionGuid = {E6F36C22-62B2-4682-84F5-B65A328E66BD}
	EndGlobalSection
EndGlobal
